{
  "version": 4,
  "terraform_version": "1.8.3",
  "serial": 9,
  "lineage": "b9773174-2df4-96b5-88ec-b34c9e43fde3",
  "outputs": {},
  "resources": [
    {
      "mode": "managed",
      "type": "aws_eks_access_entry",
      "name": "access_entry",
      "provider": "provider[\"registry.terraform.io/hashicorp/aws\"]",
      "instances": [
        {
          "schema_version": 0,
          "attributes": {
            "access_entry_arn": "arn:aws:eks:us-east-1:074153432331:access-entry/cluster-fiap/role/074153432331/voclabs/acc7c774-3032-54e9-84ed-2b69c05f6f20",
            "cluster_name": "cluster-fiap",
            "created_at": "2024-05-19T03:32:24Z",
            "id": "cluster-fiap:arn:aws:iam::074153432331:role/voclabs",
            "kubernetes_groups": [
              "fiap_burger",
              "pos-tech"
            ],
            "modified_at": "2024-05-19T03:32:24Z",
            "principal_arn": "arn:aws:iam::074153432331:role/voclabs",
            "tags": {},
            "tags_all": {},
            "timeouts": null,
            "type": "STANDARD",
            "user_name": "arn:aws:sts::074153432331:assumed-role/voclabs/{{SessionName}}"
          },
          "sensitive_attributes": [],
          "private": "eyJlMmJmYjczMC1lY2FhLTExZTYtOGY4OC0zNDM2M2JjN2M0YzAiOnsiY3JlYXRlIjo2MDAwMDAwMDAwMDAsImRlbGV0ZSI6NjAwMDAwMDAwMDAwfX0=",
          "dependencies": [
            "aws_eks_cluster.fiap_burguer"
          ]
        }
      ]
    },
    {
      "mode": "managed",
      "type": "aws_eks_access_policy_association",
      "name": "access_police",
      "provider": "provider[\"registry.terraform.io/hashicorp/aws\"]",
      "instances": [
        {
          "schema_version": 0,
          "attributes": {
            "access_scope": [
              {
                "namespaces": [],
                "type": "cluster"
              }
            ],
            "associated_at": "2024-05-19 03:32:25.033 +0000 UTC",
            "cluster_name": "cluster-fiap",
            "id": "cluster-fiap#arn:aws:iam::074153432331:role/voclabs#arn:aws:eks::aws:cluster-access-policy/AmazonEKSClusterAdminPolicy",
            "modified_at": "2024-05-19 03:32:25.033 +0000 UTC",
            "policy_arn": "arn:aws:eks::aws:cluster-access-policy/AmazonEKSClusterAdminPolicy",
            "principal_arn": "arn:aws:iam::074153432331:role/voclabs",
            "timeouts": null
          },
          "sensitive_attributes": [],
          "private": "eyJlMmJmYjczMC1lY2FhLTExZTYtOGY4OC0zNDM2M2JjN2M0YzAiOnsiY3JlYXRlIjo2MDAwMDAwMDAwMDAsImRlbGV0ZSI6NjAwMDAwMDAwMDAwfX0=",
          "dependencies": [
            "aws_eks_cluster.fiap_burguer"
          ]
        }
      ]
    },
    {
      "mode": "managed",
      "type": "aws_eks_cluster",
      "name": "fiap_burguer",
      "provider": "provider[\"registry.terraform.io/hashicorp/aws\"]",
      "instances": [
        {
          "schema_version": 0,
          "attributes": {
            "access_config": [
              {
                "authentication_mode": "API_AND_CONFIG_MAP",
                "bootstrap_cluster_creator_admin_permissions": false
              }
            ],
            "arn": "arn:aws:eks:us-east-1:074153432331:cluster/cluster-fiap",
            "certificate_authority": [
              {
                "data": "LS0tLS1CRUdJTiBDRVJUSUZJQ0FURS0tLS0tCk1JSURCVENDQWUyZ0F3SUJBZ0lJYTl3cEduUmYrNnN3RFFZSktvWklodmNOQVFFTEJRQXdGVEVUTUJFR0ExVUUKQXhNS2EzVmlaWEp1WlhSbGN6QWVGdzB5TkRBMU1Ua3dNekkwTWpKYUZ3MHpOREExTVRjd016STVNakphTUJVeApFekFSQmdOVkJBTVRDbXQxWW1WeWJtVjBaWE13Z2dFaU1BMEdDU3FHU0liM0RRRUJBUVVBQTRJQkR3QXdnZ0VLCkFvSUJBUUMzRUVJLzlYRlRKdDgvVm5HSCt5cmtGT05yZXc2M2NkSGl2dnhDSzgyQVRJNjNZdE5iVi9zNkgvcUIKQlBSV090N2E3VE9LUjNwOXJUZEhtWk9pWVA0ajhMTlZxbGt3Kys0SzR2MU1LN251bmhqWGFWR1Zka2IzN0NLRApwVDF0TlNwVFRXWUpxdVBzSWptaHZ6Vlk3V1haMEt4WjVpMGI3ell4OVlLWXl0Z1FNYWh3dUZQNjJyNlN4VFQrCjY4dG5JNkNZRHhvSFdBOFc2cVNpbXI1eHNQYU94T3U2ZGlXV1grWVN5VTNGU3VnaVE2UzliZ0NDT0haenhqazkKcHhVWU8yQWs5WEh0Tm04Z0N2THgzV1NWZldFa0NQV1FpZVdmU0NCNGpoaG5WK2NUNDdkNGorQWdUVlluNmJIdAozdmJYZXdRNTNpQms3UytSZGFSS20zMktad3pEQWdNQkFBR2pXVEJYTUE0R0ExVWREd0VCL3dRRUF3SUNwREFQCkJnTlZIUk1CQWY4RUJUQURBUUgvTUIwR0ExVWREZ1FXQkJSSWpLQUg2V2o4ZGU1cTNRSTdMb3lDRWJ3K3p6QVYKQmdOVkhSRUVEakFNZ2dwcmRXSmxjbTVsZEdWek1BMEdDU3FHU0liM0RRRUJDd1VBQTRJQkFRQXJhQ0pJaHR6VAo3dGQzVkd6c1M2cHB3MHVsVVJXU0RDSTlvUjhramR5a2ZWc0YxakFTMnY4bXdSc1E1N0k1TjVmRG1HN0JsZ0ZpCkEydk56WnBIZnl6ck5DZ3NJMVE5dE5QVHBQYnZOb1VKa2xrbEFqaTNnQXFHb0Q2MUZtQ2ZQZjFtQm9Ka3hkRFAKS0Z0S2p1bjdlS1BHRnM3S3BOOHVoQjVpUmU3c0VOS1hHY2s0NU5jbGdudWl3UDhMbC9GQktJOXhsbmJWL2lGeQpQZU4yYXprWDZZdVJOQ0pJT21DQVZ4R3EyUXEzOUhkR2pkZlZLLzQ5Qm50T0c3eWFGSlFPaURHdDZYckFPRGlxCnlpYjBSRGppN0NDODAwRmM3SjFuc3oxc05GcWhkU0FoamZYSWx5MTFJZ1RoSTI3dU4zRGRkT1pJT2lpUWFhTk4KVXNDWlM5QWkrdnYrCi0tLS0tRU5EIENFUlRJRklDQVRFLS0tLS0K"
              }
            ],
            "cluster_id": null,
            "created_at": "2024-05-19 03:24:35.115 +0000 UTC",
            "enabled_cluster_log_types": [],
            "encryption_config": [],
            "endpoint": "https://65CF8A33E268928AF31F57B264ABA939.gr7.us-east-1.eks.amazonaws.com",
            "id": "cluster-fiap",
            "identity": [
              {
                "oidc": [
                  {
                    "issuer": "https://oidc.eks.us-east-1.amazonaws.com/id/65CF8A33E268928AF31F57B264ABA939"
                  }
                ]
              }
            ],
            "kubernetes_network_config": [
              {
                "ip_family": "ipv4",
                "service_ipv4_cidr": "10.100.0.0/16",
                "service_ipv6_cidr": ""
              }
            ],
            "name": "cluster-fiap",
            "outpost_config": [],
            "platform_version": "eks.7",
            "role_arn": "arn:aws:iam::074153432331:role/LabRole",
            "status": "ACTIVE",
            "tags": {},
            "tags_all": {},
            "timeouts": null,
            "version": "1.29",
            "vpc_config": [
              {
                "cluster_security_group_id": "sg-0d8c677d93408ce9b",
                "endpoint_private_access": false,
                "endpoint_public_access": true,
                "public_access_cidrs": [
                  "0.0.0.0/0"
                ],
                "security_group_ids": [
                  "sg-0f4a1e33d981dc80c"
                ],
                "subnet_ids": [
                  "subnet-0101ea48b8a39b120",
                  "subnet-03ca5901ecfe029c1",
                  "subnet-09faa5335b7ba858c"
                ],
                "vpc_id": "vpc-0d34b48a5ae8eb9db"
              }
            ]
          },
          "sensitive_attributes": [],
          "private": "eyJlMmJmYjczMC1lY2FhLTExZTYtOGY4OC0zNDM2M2JjN2M0YzAiOnsiY3JlYXRlIjoxODAwMDAwMDAwMDAwLCJkZWxldGUiOjkwMDAwMDAwMDAwMCwidXBkYXRlIjozNjAwMDAwMDAwMDAwfX0="
        }
      ]
    },
    {
      "mode": "managed",
      "type": "aws_eks_node_group",
      "name": "ms-customer-node",
      "provider": "provider[\"registry.terraform.io/hashicorp/aws\"]",
      "instances": [
        {
          "schema_version": 0,
          "attributes": {
            "ami_type": "AL2_x86_64",
            "arn": "arn:aws:eks:us-east-1:074153432331:nodegroup/cluster-fiap/node-ms-customer/6cc7c961-152d-3697-5d98-0de5ec7a68d4",
            "capacity_type": "SPOT",
            "cluster_name": "cluster-fiap",
            "disk_size": 20,
            "force_update_version": null,
            "id": "cluster-fiap:node-ms-customer",
            "instance_types": [
              "t3.micro"
            ],
            "labels": null,
            "launch_template": [],
            "node_group_name": "node-ms-customer",
            "node_group_name_prefix": "",
            "node_role_arn": "arn:aws:iam::074153432331:role/LabRole",
            "release_version": "1.29.3-20240514",
            "remote_access": [],
            "resources": [
              {
                "autoscaling_groups": [
                  {
                    "name": "eks-node-ms-customer-6cc7c961-152d-3697-5d98-0de5ec7a68d4"
                  }
                ],
                "remote_access_security_group_id": ""
              }
            ],
            "scaling_config": [
              {
                "desired_size": 1,
                "max_size": 2,
                "min_size": 1
              }
            ],
            "status": "ACTIVE",
            "subnet_ids": [
              "subnet-0101ea48b8a39b120",
              "subnet-03ca5901ecfe029c1",
              "subnet-09faa5335b7ba858c"
            ],
            "tags": null,
            "tags_all": {},
            "taint": [],
            "timeouts": null,
            "update_config": [
              {
                "max_unavailable": 1,
                "max_unavailable_percentage": 0
              }
            ],
            "version": "1.29"
          },
          "sensitive_attributes": [],
          "private": "eyJlMmJmYjczMC1lY2FhLTExZTYtOGY4OC0zNDM2M2JjN2M0YzAiOnsiY3JlYXRlIjozNjAwMDAwMDAwMDAwLCJkZWxldGUiOjM2MDAwMDAwMDAwMDAsInVwZGF0ZSI6MzYwMDAwMDAwMDAwMH19",
          "dependencies": [
            "aws_eks_cluster.fiap_burguer"
          ]
        }
      ]
    }
  ],
  "check_results": null
}
